
Microsoft Visual Studio Solution File, Format Version 12.00
# Visual Studio Version 16
VisualStudioVersion = 16.0.30503.244
MinimumVisualStudioVersion = 10.0.40219.1
Project("{9A19103F-16F7-4668-BE54-9A1E7A4F7556}") = "DUBSON_Goods_Delivery_Program", "DUBSON_Googs_Delivery_Program\DUBSON_Goods_Delivery_Program.csproj", "{C433FF1B-3370-4EBB-99DF-902B76D7EF53}"
EndProject
Project("{FAE04EC0-301F-11D3-BF4B-00C04F79EFBC}") = "Entity", "Data\Entity.csproj", "{0670AED0-E3A1-450C-B630-18D2123B8B8E}"
EndProject
Project("{FAE04EC0-301F-11D3-BF4B-00C04F79EFBC}") = "Domain", "Domain\Domain.csproj", "{20252B72-0F7C-445D-A709-92817EFC9E1C}"
EndProject
Project("{FAE04EC0-301F-11D3-BF4B-00C04F79EFBC}") = "DataLib", "DataLib\DataLib.csproj", "{B6E598A5-53F8-4F0A-B8A5-B56F2005DFF0}"
EndProject
Global
	GlobalSection(SolutionConfigurationPlatforms) = preSolution
		Debug|Any CPU = Debug|Any CPU
		Release|Any CPU = Release|Any CPU
	EndGlobalSection
	GlobalSection(ProjectConfigurationPlatforms) = postSolution
		{C433FF1B-3370-4EBB-99DF-902B76D7EF53}.Debug|Any CPU.ActiveCfg = Debug|Any CPU
		{C433FF1B-3370-4EBB-99DF-902B76D7EF53}.Debug|Any CPU.Build.0 = Debug|Any CPU
		{C433FF1B-3370-4EBB-99DF-902B76D7EF53}.Release|Any CPU.ActiveCfg = Release|Any CPU
		{C433FF1B-3370-4EBB-99DF-902B76D7EF53}.Release|Any CPU.Build.0 = Release|Any CPU
		{0670AED0-E3A1-450C-B630-18D2123B8B8E}.Debug|Any CPU.ActiveCfg = Debug|Any CPU
		{0670AED0-E3A1-450C-B630-18D2123B8B8E}.Debug|Any CPU.Build.0 = Debug|Any CPU
		{0670AED0-E3A1-450C-B630-18D2123B8B8E}.Release|Any CPU.ActiveCfg = Release|Any CPU
		{0670AED0-E3A1-450C-B630-18D2123B8B8E}.Release|Any CPU.Build.0 = Release|Any CPU
		{20252B72-0F7C-445D-A709-92817EFC9E1C}.Debug|Any CPU.ActiveCfg = Debug|Any CPU
		{20252B72-0F7C-445D-A709-92817EFC9E1C}.Debug|Any CPU.Build.0 = Debug|Any CPU
		{20252B72-0F7C-445D-A709-92817EFC9E1C}.Release|Any CPU.ActiveCfg = Release|Any CPU
		{20252B72-0F7C-445D-A709-92817EFC9E1C}.Release|Any CPU.Build.0 = Release|Any CPU
		{B6E598A5-53F8-4F0A-B8A5-B56F2005DFF0}.Debug|Any CPU.ActiveCfg = Debug|Any CPU
		{B6E598A5-53F8-4F0A-B8A5-B56F2005DFF0}.Debug|Any CPU.Build.0 = Debug|Any CPU
		{B6E598A5-53F8-4F0A-B8A5-B56F2005DFF0}.Release|Any CPU.ActiveCfg = Release|Any CPU
		{B6E598A5-53F8-4F0A-B8A5-B56F2005DFF0}.Release|Any CPU.Build.0 = Release|Any CPU
	EndGlobalSection
	GlobalSection(SolutionProperties) = preSolution
		HideSolutionNode = FALSE
	EndGlobalSection
	GlobalSection(ExtensibilityGlobals) = postSolution
		SolutionGuid = {937448B0-9ACA-4718-BC03-E89EC894E420}
	EndGlobalSection
EndGlobal
