
Microsoft Visual Studio Solution File, Format Version 12.00
# Visual Studio Version 16
VisualStudioVersion = 16.0.30503.244
MinimumVisualStudioVersion = 10.0.40219.1
Project("{9A19103F-16F7-4668-BE54-9A1E7A4F7556}") = "DUBSON_Goods_Delivery_Program", "DUBSON_Googs_Delivery_Program\DUBSON_Goods_Delivery_Program.csproj", "{C433FF1B-3370-4EBB-99DF-902B76D7EF53}"
EndProject
Project("{FAE04EC0-301F-11D3-BF4B-00C04F79EFBC}") = "Entity", "Data\Entity.csproj", "{0670AED0-E3A1-450C-B630-18D2123B8B8E}"
EndProject
Project("{FAE04EC0-301F-11D3-BF4B-00C04F79EFBC}") = "Domain", "Domain\Domain.csproj", "{20252B72-0F7C-445D-A709-92817EFC9E1C}"
EndProject
Project("{FAE04EC0-301F-11D3-BF4B-00C04F79EFBC}") = "DataLib", "DataLib\DataLib.csproj", "{B6E598A5-53F8-4F0A-B8A5-B56F2005DFF0}"
EndProject
Project("{FAE04EC0-301F-11D3-BF4B-00C04F79EFBC}") = "Mappers", "Mappers\Mappers.csproj", "{9B6F8C71-A38D-4E44-BD65-0C8954531F5A}"
EndProject
Project("{FAE04EC0-301F-11D3-BF4B-00C04F79EFBC}") = "Services", "Services\Services.csproj", "{90403B8F-A5DB-49EB-B130-75175FCAF7E6}"
EndProject
Project("{FAE04EC0-301F-11D3-BF4B-00C04F79EFBC}") = "Controllers", "Controllers\Controllers.csproj", "{01A7EB3A-F47D-47E7-B310-7AA8A2A28BE2}"
EndProject
Project("{FAE04EC0-301F-11D3-BF4B-00C04F79EFBC}") = "Presenters", "Presenters\Presenters.csproj", "{50A109B6-9FDA-4738-A948-244D48930695}"
EndProject
Project("{FAE04EC0-301F-11D3-BF4B-00C04F79EFBC}") = "Model", "Model\Model.csproj", "{2A2BE46D-11D7-4959-B38D-EA23E5E53D95}"
EndProject
Project("{FAE04EC0-301F-11D3-BF4B-00C04F79EFBC}") = "DeliveryViewForms", "DeliveryViewForms\DeliveryViewForms.csproj", "{1178B747-4888-49ED-9784-4CB78AFF30DD}"
EndProject
Project("{FAE04EC0-301F-11D3-BF4B-00C04F79EFBC}") = "DeliveryAppWPF", "DeliveryAppWPF\DeliveryAppWPF.csproj", "{CBCCAFDC-11C5-4FB8-8EAC-886F7E487148}"
EndProject
Project("{FAE04EC0-301F-11D3-BF4B-00C04F79EFBC}") = "ViewModels", "ViewModels\ViewModels.csproj", "{6A50F153-3578-4754-8693-FC896AFD3D3C}"
EndProject
Project("{FAE04EC0-301F-11D3-BF4B-00C04F79EFBC}") = "Commands", "Commands\Commands.csproj", "{B6842F17-8C5D-4432-9222-DAF61E9B4679}"
EndProject
Project("{FAE04EC0-301F-11D3-BF4B-00C04F79EFBC}") = "TestForEF", "TestForEF\TestForEF.csproj", "{CBFF1041-124C-4F8D-9358-2A257861DF2F}"
EndProject
Global
	GlobalSection(SolutionConfigurationPlatforms) = preSolution
		Debug|Any CPU = Debug|Any CPU
		Release|Any CPU = Release|Any CPU
	EndGlobalSection
	GlobalSection(ProjectConfigurationPlatforms) = postSolution
		{C433FF1B-3370-4EBB-99DF-902B76D7EF53}.Debug|Any CPU.ActiveCfg = Debug|Any CPU
		{C433FF1B-3370-4EBB-99DF-902B76D7EF53}.Debug|Any CPU.Build.0 = Debug|Any CPU
		{C433FF1B-3370-4EBB-99DF-902B76D7EF53}.Release|Any CPU.ActiveCfg = Release|Any CPU
		{C433FF1B-3370-4EBB-99DF-902B76D7EF53}.Release|Any CPU.Build.0 = Release|Any CPU
		{0670AED0-E3A1-450C-B630-18D2123B8B8E}.Debug|Any CPU.ActiveCfg = Debug|Any CPU
		{0670AED0-E3A1-450C-B630-18D2123B8B8E}.Debug|Any CPU.Build.0 = Debug|Any CPU
		{0670AED0-E3A1-450C-B630-18D2123B8B8E}.Release|Any CPU.ActiveCfg = Release|Any CPU
		{0670AED0-E3A1-450C-B630-18D2123B8B8E}.Release|Any CPU.Build.0 = Release|Any CPU
		{20252B72-0F7C-445D-A709-92817EFC9E1C}.Debug|Any CPU.ActiveCfg = Debug|Any CPU
		{20252B72-0F7C-445D-A709-92817EFC9E1C}.Debug|Any CPU.Build.0 = Debug|Any CPU
		{20252B72-0F7C-445D-A709-92817EFC9E1C}.Release|Any CPU.ActiveCfg = Release|Any CPU
		{20252B72-0F7C-445D-A709-92817EFC9E1C}.Release|Any CPU.Build.0 = Release|Any CPU
		{B6E598A5-53F8-4F0A-B8A5-B56F2005DFF0}.Debug|Any CPU.ActiveCfg = Debug|Any CPU
		{B6E598A5-53F8-4F0A-B8A5-B56F2005DFF0}.Debug|Any CPU.Build.0 = Debug|Any CPU
		{B6E598A5-53F8-4F0A-B8A5-B56F2005DFF0}.Release|Any CPU.ActiveCfg = Release|Any CPU
		{B6E598A5-53F8-4F0A-B8A5-B56F2005DFF0}.Release|Any CPU.Build.0 = Release|Any CPU
		{9B6F8C71-A38D-4E44-BD65-0C8954531F5A}.Debug|Any CPU.ActiveCfg = Debug|Any CPU
		{9B6F8C71-A38D-4E44-BD65-0C8954531F5A}.Debug|Any CPU.Build.0 = Debug|Any CPU
		{9B6F8C71-A38D-4E44-BD65-0C8954531F5A}.Release|Any CPU.ActiveCfg = Release|Any CPU
		{9B6F8C71-A38D-4E44-BD65-0C8954531F5A}.Release|Any CPU.Build.0 = Release|Any CPU
		{90403B8F-A5DB-49EB-B130-75175FCAF7E6}.Debug|Any CPU.ActiveCfg = Debug|Any CPU
		{90403B8F-A5DB-49EB-B130-75175FCAF7E6}.Debug|Any CPU.Build.0 = Debug|Any CPU
		{90403B8F-A5DB-49EB-B130-75175FCAF7E6}.Release|Any CPU.ActiveCfg = Release|Any CPU
		{90403B8F-A5DB-49EB-B130-75175FCAF7E6}.Release|Any CPU.Build.0 = Release|Any CPU
		{01A7EB3A-F47D-47E7-B310-7AA8A2A28BE2}.Debug|Any CPU.ActiveCfg = Debug|Any CPU
		{01A7EB3A-F47D-47E7-B310-7AA8A2A28BE2}.Debug|Any CPU.Build.0 = Debug|Any CPU
		{01A7EB3A-F47D-47E7-B310-7AA8A2A28BE2}.Release|Any CPU.ActiveCfg = Release|Any CPU
		{01A7EB3A-F47D-47E7-B310-7AA8A2A28BE2}.Release|Any CPU.Build.0 = Release|Any CPU
		{50A109B6-9FDA-4738-A948-244D48930695}.Debug|Any CPU.ActiveCfg = Debug|Any CPU
		{50A109B6-9FDA-4738-A948-244D48930695}.Debug|Any CPU.Build.0 = Debug|Any CPU
		{50A109B6-9FDA-4738-A948-244D48930695}.Release|Any CPU.ActiveCfg = Release|Any CPU
		{50A109B6-9FDA-4738-A948-244D48930695}.Release|Any CPU.Build.0 = Release|Any CPU
		{2A2BE46D-11D7-4959-B38D-EA23E5E53D95}.Debug|Any CPU.ActiveCfg = Debug|Any CPU
		{2A2BE46D-11D7-4959-B38D-EA23E5E53D95}.Debug|Any CPU.Build.0 = Debug|Any CPU
		{2A2BE46D-11D7-4959-B38D-EA23E5E53D95}.Release|Any CPU.ActiveCfg = Release|Any CPU
		{2A2BE46D-11D7-4959-B38D-EA23E5E53D95}.Release|Any CPU.Build.0 = Release|Any CPU
		{1178B747-4888-49ED-9784-4CB78AFF30DD}.Debug|Any CPU.ActiveCfg = Debug|Any CPU
		{1178B747-4888-49ED-9784-4CB78AFF30DD}.Debug|Any CPU.Build.0 = Debug|Any CPU
		{1178B747-4888-49ED-9784-4CB78AFF30DD}.Release|Any CPU.ActiveCfg = Release|Any CPU
		{1178B747-4888-49ED-9784-4CB78AFF30DD}.Release|Any CPU.Build.0 = Release|Any CPU
		{CBCCAFDC-11C5-4FB8-8EAC-886F7E487148}.Debug|Any CPU.ActiveCfg = Debug|Any CPU
		{CBCCAFDC-11C5-4FB8-8EAC-886F7E487148}.Debug|Any CPU.Build.0 = Debug|Any CPU
		{CBCCAFDC-11C5-4FB8-8EAC-886F7E487148}.Release|Any CPU.ActiveCfg = Release|Any CPU
		{CBCCAFDC-11C5-4FB8-8EAC-886F7E487148}.Release|Any CPU.Build.0 = Release|Any CPU
		{6A50F153-3578-4754-8693-FC896AFD3D3C}.Debug|Any CPU.ActiveCfg = Debug|Any CPU
		{6A50F153-3578-4754-8693-FC896AFD3D3C}.Debug|Any CPU.Build.0 = Debug|Any CPU
		{6A50F153-3578-4754-8693-FC896AFD3D3C}.Release|Any CPU.ActiveCfg = Release|Any CPU
		{6A50F153-3578-4754-8693-FC896AFD3D3C}.Release|Any CPU.Build.0 = Release|Any CPU
		{B6842F17-8C5D-4432-9222-DAF61E9B4679}.Debug|Any CPU.ActiveCfg = Debug|Any CPU
		{B6842F17-8C5D-4432-9222-DAF61E9B4679}.Debug|Any CPU.Build.0 = Debug|Any CPU
		{B6842F17-8C5D-4432-9222-DAF61E9B4679}.Release|Any CPU.ActiveCfg = Release|Any CPU
		{B6842F17-8C5D-4432-9222-DAF61E9B4679}.Release|Any CPU.Build.0 = Release|Any CPU
		{CBFF1041-124C-4F8D-9358-2A257861DF2F}.Debug|Any CPU.ActiveCfg = Debug|Any CPU
		{CBFF1041-124C-4F8D-9358-2A257861DF2F}.Debug|Any CPU.Build.0 = Debug|Any CPU
		{CBFF1041-124C-4F8D-9358-2A257861DF2F}.Release|Any CPU.ActiveCfg = Release|Any CPU
		{CBFF1041-124C-4F8D-9358-2A257861DF2F}.Release|Any CPU.Build.0 = Release|Any CPU
	EndGlobalSection
	GlobalSection(SolutionProperties) = preSolution
		HideSolutionNode = FALSE
	EndGlobalSection
	GlobalSection(ExtensibilityGlobals) = postSolution
		SolutionGuid = {937448B0-9ACA-4718-BC03-E89EC894E420}
	EndGlobalSection
EndGlobal
